# This file is automatically @generated by Wally.
# It is not intended for manual editing.
registry = "test"

[[package]]
name = "pri/street-fighter"
version = "0.1.0"
dependencies = [["ShapecastHitbox", "teamswordphin/shapecasthitbox@0.2.9"]]

[[package]]
name = "teamswordphin/shapecasthitbox"
version = "0.2.9"
dependencies = []
